
Microsoft Visual Studio Solution File, Format Version 12.00
# Visual Studio Version 17
VisualStudioVersion = 17.0.32002.185
MinimumVisualStudioVersion = 10.0.40219.1
Project("{8BC9CEB8-8B4A-11D0-8D11-00A0C91BC942}") = "NationalTrafficAsk", "NationalTrafficAsk\NationalTrafficAsk.vcxproj", "{7E2C9DD5-5EC2-45B2-B109-781ACFE21280}"
EndProject
Global
	GlobalSection(SolutionConfigurationPlatforms) = preSolution
		Debug|x64 = Debug|x64
		Debug|x86 = Debug|x86
		Release|x64 = Release|x64
		Release|x86 = Release|x86
	EndGlobalSection
	GlobalSection(ProjectConfigurationPlatforms) = postSolution
		{7E2C9DD5-5EC2-45B2-B109-781ACFE21280}.Debug|x64.ActiveCfg = Debug|x64
		{7E2C9DD5-5EC2-45B2-B109-781ACFE21280}.Debug|x64.Build.0 = Debug|x64
		{7E2C9DD5-5EC2-45B2-B109-781ACFE21280}.Debug|x86.ActiveCfg = Debug|Win32
		{7E2C9DD5-5EC2-45B2-B109-781ACFE21280}.Debug|x86.Build.0 = Debug|Win32
		{7E2C9DD5-5EC2-45B2-B109-781ACFE21280}.Release|x64.ActiveCfg = Release|x64
		{7E2C9DD5-5EC2-45B2-B109-781ACFE21280}.Release|x64.Build.0 = Release|x64
		{7E2C9DD5-5EC2-45B2-B109-781ACFE21280}.Release|x86.ActiveCfg = Release|Win32
		{7E2C9DD5-5EC2-45B2-B109-781ACFE21280}.Release|x86.Build.0 = Release|Win32
	EndGlobalSection
	GlobalSection(SolutionProperties) = preSolution
		HideSolutionNode = FALSE
	EndGlobalSection
	GlobalSection(ExtensibilityGlobals) = postSolution
		SolutionGuid = {6382E59E-9D33-45C8-ADE3-2791850BD7C2}
	EndGlobalSection
EndGlobal
